
Microsoft Visual Studio Solution File, Format Version 12.00
# Visual Studio 2015
Project("{FAE04EC0-301F-11D3-BF4B-00C04F79EFBC}") = "Multiplayer", "Multiplayer.csproj", "{5ECD35DC-CF75-E071-39DC-2ABB93196E69}"
EndProject
Project("{FAE04EC0-301F-11D3-BF4B-00C04F79EFBC}") = "Multiplayer.Plugins", "Multiplayer.Plugins.csproj", "{64820DE4-9CDA-D8AD-F286-663149ED2D6C}"
EndProject
Global
	GlobalSection(SolutionConfigurationPlatforms) = preSolution
		Debug|Any CPU = Debug|Any CPU
		Release|Any CPU = Release|Any CPU
	EndGlobalSection
	GlobalSection(ProjectConfigurationPlatforms) = postSolution
		{5ECD35DC-CF75-E071-39DC-2ABB93196E69}.Debug|Any CPU.ActiveCfg = Debug|Any CPU
		{5ECD35DC-CF75-E071-39DC-2ABB93196E69}.Debug|Any CPU.Build.0 = Debug|Any CPU
		{5ECD35DC-CF75-E071-39DC-2ABB93196E69}.Release|Any CPU.ActiveCfg = Release|Any CPU
		{5ECD35DC-CF75-E071-39DC-2ABB93196E69}.Release|Any CPU.Build.0 = Release|Any CPU
		{64820DE4-9CDA-D8AD-F286-663149ED2D6C}.Debug|Any CPU.ActiveCfg = Debug|Any CPU
		{64820DE4-9CDA-D8AD-F286-663149ED2D6C}.Debug|Any CPU.Build.0 = Debug|Any CPU
		{64820DE4-9CDA-D8AD-F286-663149ED2D6C}.Release|Any CPU.ActiveCfg = Release|Any CPU
		{64820DE4-9CDA-D8AD-F286-663149ED2D6C}.Release|Any CPU.Build.0 = Release|Any CPU
	EndGlobalSection
	GlobalSection(SolutionProperties) = preSolution
		HideSolutionNode = FALSE
	EndGlobalSection
EndGlobal
